{
  "name": "js1",
  "version": "1.0.0",
  "lockfileVersion": 2,
  "requires": true,
  "packages": {
    "": {
      "name": "js1",
      "version": "1.0.0",
      "license": "ISC",
      "dependencies": {
        "calendar": "^0.1.1",
        "calendar.js": "^1.0.6",
        "js": "^0.1.0",
        "toastify-js": "^1.12.0"
      }
    },
    "node_modules/calendar": {
      "version": "0.1.1",
      "resolved": "https://registry.npmjs.org/calendar/-/calendar-0.1.1.tgz",
      "integrity": "sha512-CExn+MxSU1pCsjYiS+Cx8d1MtIZqezxRhpIu8odr1oqvYG/0C1m8lvehHxTl1FslgKbOD7Z5QuEcyk8sGgpZLQ=="
    },
    "node_modules/calendar.js": {
      "version": "1.0.6",
      "resolved": "https://registry.npmjs.org/calendar.js/-/calendar.js-1.0.6.tgz",
      "integrity": "sha512-hsqZI1mmzA9lv+0+2bARqu3re4eljVs3hRhOD5sw3uwWSqMkl1jsWdvuPShdqQECHD61LbM4hZ/up+CzXC3TiQ=="
    },
    "node_modules/commander": {
      "version": "1.1.1",
      "resolved": "https://registry.npmjs.org/commander/-/commander-1.1.1.tgz",
      "integrity": "sha512-71Rod2AhcH3JhkBikVpNd0pA+fWsmAaVoti6OR38T76chA7vE3pSerS0Jor4wDw+tOueD2zLVvFOw5H0Rcj7rA==",
      "dependencies": {
        "keypress": "0.1.x"
      },
      "engines": {
        "node": ">= 0.6.x"
      }
    },
    "node_modules/js": {
      "version": "0.1.0",
      "resolved": "https://registry.npmjs.org/js/-/js-0.1.0.tgz",
      "integrity": "sha512-ZBbGYOpact8QAH9RprFWL4RAESYwbDodxiuDjOnzwzzk9pBzKycoifGuUrHHcDixE/eLMKPHRaXenTgu1qXBqA==",
      "dependencies": {
        "commander": "~1.1.1"
      },
      "bin": {
        "js": "bin/js"
      }
    },
    "node_modules/keypress": {
      "version": "0.1.0",
      "resolved": "https://registry.npmjs.org/keypress/-/keypress-0.1.0.tgz",
      "integrity": "sha512-x0yf9PL/nx9Nw9oLL8ZVErFAk85/lslwEP7Vz7s5SI1ODXZIgit3C5qyWjw4DxOuO/3Hb4866SQh28a1V1d+WA=="
    },
    "node_modules/toastify-js": {
      "version": "1.12.0",
      "resolved": "https://registry.npmjs.org/toastify-js/-/toastify-js-1.12.0.tgz",
      "integrity": "sha512-HeMHCO9yLPvP9k0apGSdPUWrUbLnxUKNFzgUoZp1PHCLploIX/4DSQ7V8H25ef+h4iO9n0he7ImfcndnN6nDrQ=="
    }
  },
  "dependencies": {
    "calendar": {
      "version": "0.1.1",
      "resolved": "https://registry.npmjs.org/calendar/-/calendar-0.1.1.tgz",
      "integrity": "sha512-CExn+MxSU1pCsjYiS+Cx8d1MtIZqezxRhpIu8odr1oqvYG/0C1m8lvehHxTl1FslgKbOD7Z5QuEcyk8sGgpZLQ=="
    },
    "calendar.js": {
      "version": "1.0.6",
      "resolved": "https://registry.npmjs.org/calendar.js/-/calendar.js-1.0.6.tgz",
      "integrity": "sha512-hsqZI1mmzA9lv+0+2bARqu3re4eljVs3hRhOD5sw3uwWSqMkl1jsWdvuPShdqQECHD61LbM4hZ/up+CzXC3TiQ=="
    },
    "commander": {
      "version": "1.1.1",
      "resolved": "https://registry.npmjs.org/commander/-/commander-1.1.1.tgz",
      "integrity": "sha512-71Rod2AhcH3JhkBikVpNd0pA+fWsmAaVoti6OR38T76chA7vE3pSerS0Jor4wDw+tOueD2zLVvFOw5H0Rcj7rA==",
      "requires": {
        "keypress": "0.1.x"
      }
    },
    "js": {
      "version": "0.1.0",
      "resolved": "https://registry.npmjs.org/js/-/js-0.1.0.tgz",
      "integrity": "sha512-ZBbGYOpact8QAH9RprFWL4RAESYwbDodxiuDjOnzwzzk9pBzKycoifGuUrHHcDixE/eLMKPHRaXenTgu1qXBqA==",
      "requires": {
        "commander": "~1.1.1"
      }
    },
    "keypress": {
      "version": "0.1.0",
      "resolved": "https://registry.npmjs.org/keypress/-/keypress-0.1.0.tgz",
      "integrity": "sha512-x0yf9PL/nx9Nw9oLL8ZVErFAk85/lslwEP7Vz7s5SI1ODXZIgit3C5qyWjw4DxOuO/3Hb4866SQh28a1V1d+WA=="
    },
    "toastify-js": {
      "version": "1.12.0",
      "resolved": "https://registry.npmjs.org/toastify-js/-/toastify-js-1.12.0.tgz",
      "integrity": "sha512-HeMHCO9yLPvP9k0apGSdPUWrUbLnxUKNFzgUoZp1PHCLploIX/4DSQ7V8H25ef+h4iO9n0he7ImfcndnN6nDrQ=="
    }
  }
}
